{
    "_meta": {
        "hash": {
            "sha256": "1d72eafa8c09ef6843292339968ddbbe5bba41215e64900df9b14d33acba703e"
        },
        "pipfile-spec": 6,
        "requires": {
            "python_version": "3.14"
        },
        "sources": [
            {
                "name": "pypi",
                "url": "https://pypi.org/simple",
                "verify_ssl": true
            }
        ]
    },
    "default": {},
    "develop": {
        "build": {
            "hashes": [
                "sha256:6a07c1b8eb6f2b311b96fcbdbce5dab5fe637ffda0fd83c9cac622e927501596",
                "sha256:f1b91b925aa322be454f8330c6fb48b465da993d1e7e7e6fa35027ec49f3c936"
            ],
            "index": "pypi",
            "markers": "python_version >= '3.9'",
            "version": "==1.4.0"
        },
        "doit": {
            "hashes": [
                "sha256:a9f181566aa90faac515e276f85e6526019554ed7e13c12cf9dc094ffecf3e1b",
                "sha256:d3c72e0e46a8fa1ddabea8f830762402dee090caf33c30c2295ac7010db8f09c"
            ],
            "index": "pypi",
            "markers": "python_version >= '3.10'",
            "version": "==0.37.0"
        },
        "packaging": {
            "hashes": [
                "sha256:00243ae351a257117b6a241061796684b084ed1c516a08c48a3f7e147a9d80b4",
                "sha256:b36f1fef9334a5588b4166f8bcd26a14e521f2b55e6b9de3aaa80d3ff7a37529"
            ],
            "markers": "python_version >= '3.8'",
            "version": "==26.0"
        },
        "pyproject-hooks": {
            "hashes": [
                "sha256:1e859bd5c40fae9448642dd871adf459e5e2084186e8d2c2a79a824c970da1f8",
                "sha256:9e5c6bfa8dcc30091c74b0cf803c81fdd29d94f01992a7707bc97babb1141913"
            ],
            "markers": "python_version >= '3.7'",
            "version": "==1.2.0"
        },
        "setuptools": {
            "hashes": [
                "sha256:22e0a2d69474c6ae4feb01951cb69d515ed23728cf96d05513d36e42b62b37cb",
                "sha256:70b18734b607bd1da571d097d236cfcfacaf01de45717d59e6e04b96877532e0"
            ],
            "index": "pypi",
            "markers": "python_version >= '3.9'",
            "version": "==82.0.0"
        }
    }
}
